{
    "hash": "2c7338c52e888ba57f6cb09e27d3a296",
    "packages": [
        {
            "package": "doctrine/common",
            "version": "2.2.3"
        },
        {
            "package": "zendframework/zend-version",
            "version": "2.0.0"
        },
        {
            "package": "zendframework/zendframework",
            "version": "2.0.0"
        },
        {
            "package": "zendframework/zendservice-recaptcha",
            "version": "2.0.0"
        }
    ],
    "packages-dev": null,
    "aliases": [

    ],
    "minimum-stability": "stable",
    "stability-flags": [

    ]
}
